
Microsoft Visual Studio Solution File, Format Version 12.00
# Visual Studio Version 17
VisualStudioVersion = 17.3.32825.248
MinimumVisualStudioVersion = 10.0.40219.1
Project("{FAE04EC0-301F-11D3-BF4B-00C04F79EFBC}") = "FurnitureShop", "FurnitureShop\FurnitureShop.csproj", "{4D0EAD70-5CB4-46EC-932B-0460B32B183F}"
EndProject
Global
	GlobalSection(SolutionConfigurationPlatforms) = preSolution
		Debug|Any CPU = Debug|Any CPU
		Release|Any CPU = Release|Any CPU
	EndGlobalSection
	GlobalSection(ProjectConfigurationPlatforms) = postSolution
		{4D0EAD70-5CB4-46EC-932B-0460B32B183F}.Debug|Any CPU.ActiveCfg = Debug|Any CPU
		{4D0EAD70-5CB4-46EC-932B-0460B32B183F}.Debug|Any CPU.Build.0 = Debug|Any CPU
		{4D0EAD70-5CB4-46EC-932B-0460B32B183F}.Release|Any CPU.ActiveCfg = Release|Any CPU
		{4D0EAD70-5CB4-46EC-932B-0460B32B183F}.Release|Any CPU.Build.0 = Release|Any CPU
	EndGlobalSection
	GlobalSection(SolutionProperties) = preSolution
		HideSolutionNode = FALSE
	EndGlobalSection
	GlobalSection(ExtensibilityGlobals) = postSolution
		SolutionGuid = {544B85AE-A626-4236-9278-1CF7F299B91F}
	EndGlobalSection
EndGlobal
